// !$*UTF8*$!
{
	archiveVersion = 1;
	classes = {
	};
	objectVersion = 46;
	objects = {

/* Begin PBXBuildFile section */
		AEA670E81E2EC19D005DC2DA /* AppDelegate.swift in Sources */ = {isa = PBXBuildFile; fileRef = AEA670E71E2EC19D005DC2DA /* AppDelegate.swift */; };
		AEA670EA1E2EC19D005DC2DA /* ViewController.swift in Sources */ = {isa = PBXBuildFile; fileRef = AEA670E91E2EC19D005DC2DA /* ViewController.swift */; };
		AEA670ED1E2EC19D005DC2DA /* Main.storyboard in Resources */ = {isa = PBXBuildFile; fileRef = AEA670EB1E2EC19D005DC2DA /* Main.storyboard */; };
		AEA670F01E2EC19D005DC2DA /* RainyShinyCloudy.xcdatamodeld in Sources */ = {isa = PBXBuildFile; fileRef = AEA670EE1E2EC19D005DC2DA /* RainyShinyCloudy.xcdatamodeld */; };
		AEA670F21E2EC19D005DC2DA /* Assets.xcassets in Resources */ = {isa = PBXBuildFile; fileRef = AEA670F11E2EC19D005DC2DA /* Assets.xcassets */; };
		AEA670F51E2EC19D005DC2DA /* LaunchScreen.storyboard in Resources */ = {isa = PBXBuildFile; fileRef = AEA670F31E2EC19D005DC2DA /* LaunchScreen.storyboard */; };
/* End PBXBuildFile section */

/* Begin PBXFileReference section */
		AEA670E41E2EC19D005DC2DA /* RainyShinyCloudy.app */ = {isa = PBXFileReference; explicitFileType = wrapper.application; includeInIndex = 0; path = RainyShinyCloudy.app; sourceTree = BUILT_PRODUCTS_DIR; };
		AEA670E71E2EC19D005DC2DA /* AppDelegate.swift */ = {isa = PBXFileReference; lastKnownFileType = sourcecode.swift; path = AppDelegate.swift; sourceTree = "<group>"; };
		AEA670E91E2EC19D005DC2DA /* ViewController.swift */ = {isa = PBXFileReference; lastKnownFileType = sourcecode.swift; path = ViewController.swift; sourceTree = "<group>"; };
		AEA670EC1E2EC19D005DC2DA /* Base */ = {isa = PBXFileReference; lastKnownFileType = file.storyboard; name = Base; path = Base.lproj/Main.storyboard; sourceTree = "<group>"; };
		AEA670EF1E2EC19D005DC2DA /* RainyShinyCloudy.xcdatamodel */ = {isa = PBXFileReference; lastKnownFileType = wrapper.xcdatamodel; path = RainyShinyCloudy.xcdatamodel; sourceTree = "<group>"; };
		AEA670F11E2EC19D005DC2DA /* Assets.xcassets */ = {isa = PBXFileReference; lastKnownFileType = folder.assetcatalog; path = Assets.xcassets; sourceTree = "<group>"; };
		AEA670F41E2EC19D005DC2DA /* Base */ = {isa = PBXFileReference; lastKnownFileType = file.storyboard; name = Base; path = Base.lproj/LaunchScreen.storyboard; sourceTree = "<group>"; };
		AEA670F61E2EC19D005DC2DA /* Info.plist */ = {isa = PBXFileReference; lastKnownFileType = text.plist.xml; path = Info.plist; sourceTree = "<group>"; };
/* End PBXFileReference section */

/* Begin PBXFrameworksBuildPhase section */
		AEA670E11E2EC19D005DC2DA /* Frameworks */ = {
			isa = PBXFrameworksBuildPhase;
			buildActionMask = 2147483647;
			files = (
			);
			runOnlyForDeploymentPostprocessing = 0;
		};
/* End PBXFrameworksBuildPhase section */

/* Begin PBXGroup section */
		AEA670DB1E2EC19D005DC2DA = {
			isa = PBXGroup;
			children = (
				AEA670E61E2EC19D005DC2DA /* RainyShinyCloudy */,
				AEA670E51E2EC19D005DC2DA /* Products */,
			);
			sourceTree = "<group>";
		};
		AEA670E51E2EC19D005DC2DA /* Products */ = {
			isa = PBXGroup;
			children = (
				AEA670E41E2EC19D005DC2DA /* RainyShinyCloudy.app */,
			);
			name = Products;
			sourceTree = "<group>";
		};
		AEA670E61E2EC19D005DC2DA /* RainyShinyCloudy */ = {
			isa = PBXGroup;
			children = (
				AEA670E71E2EC19D005DC2DA /* AppDelegate.swift */,
				AEA670E91E2EC19D005DC2DA /* ViewController.swift */,
				AEA670EB1E2EC19D005DC2DA /* Main.storyboard */,
				AEA670F11E2EC19D005DC2DA /* Assets.xcassets */,
				AEA670F31E2EC19D005DC2DA /* LaunchScreen.storyboard */,
				AEA670F61E2EC19D005DC2DA /* Info.plist */,
				AEA670EE1E2EC19D005DC2DA /* RainyShinyCloudy.xcdatamodeld */,
			);
			path = RainyShinyCloudy;
			sourceTree = "<group>";
		};
/* End PBXGroup section */

/* Begin PBXNativeTarget section */
		AEA670E31E2EC19D005DC2DA /* RainyShinyCloudy */ = {
			isa = PBXNativeTarget;
			buildConfigurationList = AEA670F91E2EC19D005DC2DA /* Build configuration list for PBXNativeTarget "RainyShinyCloudy" */;
			buildPhases = (
				AEA670E01E2EC19D005DC2DA /* Sources */,
				AEA670E11E2EC19D005DC2DA /* Frameworks */,
				AEA670E21E2EC19D005DC2DA /* Resources */,
			);
			buildRules = (
			);
			dependencies = (
			);
			name = RainyShinyCloudy;
			productName = RainyShinyCloudy;
			productReference = AEA670E41E2EC19D005DC2DA /* RainyShinyCloudy.app */;
			productType = "com.apple.product-type.application";
		};
/* End PBXNativeTarget section */

/* Begin PBXProject section */
		AEA670DC1E2EC19D005DC2DA /* Project object */ = {
			isa = PBXProject;
			attributes = {
				LastSwiftUpdateCheck = 0820;
				LastUpgradeCheck = 0820;
				ORGANIZATIONNAME = "Vitor Ferraz";
				TargetAttributes = {
					AEA670E31E2EC19D005DC2DA = {
						CreatedOnToolsVersion = 8.2.1;
						DevelopmentTeam = UX2K5XG954;
						ProvisioningStyle = Automatic;
					};
				};
			};
			buildConfigurationList = AEA670DF1E2EC19D005DC2DA /* Build configuration list for PBXProject "RainyShinyCloudy" */;
			compatibilityVersion = "Xcode 3.2";
			developmentRegion = English;
			hasScannedForEncodings = 0;
			knownRegions = (
				en,
				Base,
			);
			mainGroup = AEA670DB1E2EC19D005DC2DA;
			productRefGroup = AEA670E51E2EC19D005DC2DA /* Products */;
			projectDirPath = "";
			projectRoot = "";
			targets = (
				AEA670E31E2EC19D005DC2DA /* RainyShinyCloudy */,
			);
		};
/* End PBXProject section */

/* Begin PBXResourcesBuildPhase section */
		AEA670E21E2EC19D005DC2DA /* Resources */ = {
			isa = PBXResourcesBuildPhase;
			buildActionMask = 2147483647;
			files = (
				AEA670F51E2EC19D005DC2DA /* LaunchScreen.storyboard in Resources */,
				AEA670F21E2EC19D005DC2DA /* Assets.xcassets in Resources */,
				AEA670ED1E2EC19D005DC2DA /* Main.storyboard in Resources */,
			);
			runOnlyForDeploymentPostprocessing = 0;
		};
/* End PBXResourcesBuildPhase section */

/* Begin PBXSourcesBuildPhase section */
		AEA670E01E2EC19D005DC2DA /* Sources */ = {
			isa = PBXSourcesBuildPhase;
			buildActionMask = 2147483647;
			files = (
				AEA670F01E2EC19D005DC2DA /* RainyShinyCloudy.xcdatamodeld in Sources */,
				AEA670EA1E2EC19D005DC2DA /* ViewController.swift in Sources */,
				AEA670E81E2EC19D005DC2DA /* AppDelegate.swift in Sources */,
			);
			runOnlyForDeploymentPostprocessing = 0;
		};
/* End PBXSourcesBuildPhase section */

/* Begin PBXVariantGroup section */
		AEA670EB1E2EC19D005DC2DA /* Main.storyboard */ = {
			isa = PBXVariantGroup;
			children = (
				AEA670EC1E2EC19D005DC2DA /* Base */,
			);
			name = Main.storyboard;
			sourceTree = "<group>";
		};
		AEA670F31E2EC19D005DC2DA /* LaunchScreen.storyboard */ = {
			isa = PBXVariantGroup;
			children = (
				AEA670F41E2EC19D005DC2DA /* Base */,
			);
			name = LaunchScreen.storyboard;
			sourceTree = "<group>";
		};
/* End PBXVariantGroup section */

/* Begin XCBuildConfiguration section */
		AEA670F71E2EC19D005DC2DA /* Debug */ = {
			isa = XCBuildConfiguration;
			buildSettings = {
				ALWAYS_SEARCH_USER_PATHS = NO;
				CLANG_ANALYZER_NONNULL = YES;
				CLANG_CXX_LANGUAGE_STANDARD = "gnu++0x";
				CLANG_CXX_LIBRARY = "libc++";
				CLANG_ENABLE_MODULES = YES;
				CLANG_ENABLE_OBJC_ARC = YES;
				CLANG_WARN_BOOL_CONVERSION = YES;
				CLANG_WARN_CONSTANT_CONVERSION = YES;
				CLANG_WARN_DIRECT_OBJC_ISA_USAGE = YES_ERROR;
				CLANG_WARN_DOCUMENTATION_COMMENTS = YES;
				CLANG_WARN_EMPTY_BODY = YES;
				CLANG_WARN_ENUM_CONVERSION = YES;
				CLANG_WARN_INFINITE_RECURSION = YES;
				CLANG_WARN_INT_CONVERSION = YES;
				CLANG_WARN_OBJC_ROOT_CLASS = YES_ERROR;
				CLANG_WARN_SUSPICIOUS_MOVE = YES;
				CLANG_WARN_UNREACHABLE_CODE = YES;
				CLANG_WARN__DUPLICATE_METHOD_MATCH = YES;
				"CODE_SIGN_IDENTITY[sdk=iphoneos*]" = "iPhone Developer";
				COPY_PHASE_STRIP = NO;
				DEBUG_INFORMATION_FORMAT = dwarf;
				ENABLE_STRICT_OBJC_MSGSEND = YES;
				ENABLE_TESTABILITY = YES;
				GCC_C_LANGUAGE_STANDARD = gnu99;
				GCC_DYNAMIC_NO_PIC = NO;
				GCC_NO_COMMON_BLOCKS = YES;
				GCC_OPTIMIZATION_LEVEL = 0;
				GCC_PREPROCESSOR_DEFINITIONS = (
					"DEBUG=1",
					"$(inherited)",
				);
				GCC_WARN_64_TO_32_BIT_CONVERSION = YES;
				GCC_WARN_ABOUT_RETURN_TYPE = YES_ERROR;
				GCC_WARN_UNDECLARED_SELECTOR = YES;
				GCC_WARN_UNINITIALIZED_AUTOS = YES_AGGRESSIVE;
				GCC_WARN_UNUSED_FUNCTION = YES;
				GCC_WARN_UNUSED_VARIABLE = YES;
				IPHONEOS_DEPLOYMENT_TARGET = 10.2;
				MTL_ENABLE_DEBUG_INFO = YES;
				ONLY_ACTIVE_ARCH = YES;
				SDKROOT = iphoneos;
				SWIFT_ACTIVE_COMPILATION_CONDITIONS = DEBUG;
				SWIFT_OPTIMIZATION_LEVEL = "-Onone";
				TARGETED_DEVICE_FAMILY = "1,2";
			};
			name = Debug;
		};
		AEA670F81E2EC19D005DC2DA /* Release */ = {
			isa = XCBuildConfiguration;
			buildSettings = {
				ALWAYS_SEARCH_USER_PATHS = NO;
				CLANG_ANALYZER_NONNULL = YES;
				CLANG_CXX_LANGUAGE_STANDARD = "gnu++0x";
				CLANG_CXX_LIBRARY = "libc++";
				CLANG_ENABLE_MODULES = YES;
				CLANG_ENABLE_OBJC_ARC = YES;
				CLANG_WARN_BOOL_CONVERSION = YES;
				CLANG_WARN_CONSTANT_CONVERSION = YES;
				CLANG_WARN_DIRECT_OBJC_ISA_USAGE = YES_ERROR;
				CLANG_WARN_DOCUMENTATION_COMMENTS = YES;
				CLANG_WARN_EMPTY_BODY = YES;
				CLANG_WARN_ENUM_CONVERSION = YES;
				CLANG_WARN_INFINITE_RECURSION = YES;
				CLANG_WARN_INT_CONVERSION = YES;
				CLANG_WARN_OBJC_ROOT_CLASS = YES_ERROR;
				CLANG_WARN_SUSPICIOUS_MOVE = YES;
				CLANG_WARN_UNREACHABLE_CODE = YES;
				CLANG_WARN__DUPLICATE_METHOD_MATCH = YES;
				"CODE_SIGN_IDENTITY[sdk=iphoneos*]" = "iPhone Developer";
				COPY_PHASE_STRIP = NO;
				DEBUG_INFORMATION_FORMAT = "dwarf-with-dsym";
				ENABLE_NS_ASSERTIONS = NO;
				ENABLE_STRICT_OBJC_MSGSEND = YES;
				GCC_C_LANGUAGE_STANDARD = gnu99;
				GCC_NO_COMMON_BLOCKS = YES;
				GCC_WARN_64_TO_32_BIT_CONVERSION = YES;
				GCC_WARN_ABOUT_RETURN_TYPE = YES_ERROR;
				GCC_WARN_UNDECLARED_SELECTOR = YES;
				GCC_WARN_UNINITIALIZED_AUTOS = YES_AGGRESSIVE;
				GCC_WARN_UNUSED_FUNCTION = YES;
				GCC_WARN_UNUSED_VARIABLE = YES;
				IPHONEOS_DEPLOYMENT_TARGET = 10.2;
				MTL_ENABLE_DEBUG_INFO = NO;
				SDKROOT = iphoneos;
				SWIFT_OPTIMIZATION_LEVEL = "-Owholemodule";
				TARGETED_DEVICE_FAMILY = "1,2";
				VALIDATE_PRODUCT = YES;
			};
			name = Release;
		};
		AEA670FA1E2EC19D005DC2DA /* Debug */ = {
			isa = XCBuildConfiguration;
			buildSettings = {
				ASSETCATALOG_COMPILER_APPICON_NAME = AppIcon;
				DEVELOPMENT_TEAM = UX2K5XG954;
				INFOPLIST_FILE = RainyShinyCloudy/Info.plist;
				LD_RUNPATH_SEARCH_PATHS = "$(inherited) @executable_path/Frameworks";
				PRODUCT_BUNDLE_IDENTIFIER = br.com.vitor.RainyShinyCloudy;
				PRODUCT_NAME = "$(TARGET_NAME)";
				SWIFT_VERSION = 3.0;
			};
			name = Debug;
		};
		AEA670FB1E2EC19D005DC2DA /* Release */ = {
			isa = XCBuildConfiguration;
			buildSettings = {
				ASSETCATALOG_COMPILER_APPICON_NAME = AppIcon;
				DEVELOPMENT_TEAM = UX2K5XG954;
				INFOPLIST_FILE = RainyShinyCloudy/Info.plist;
				LD_RUNPATH_SEARCH_PATHS = "$(inherited) @executable_path/Frameworks";
				PRODUCT_BUNDLE_IDENTIFIER = br.com.vitor.RainyShinyCloudy;
				PRODUCT_NAME = "$(TARGET_NAME)";
				SWIFT_VERSION = 3.0;
			};
			name = Release;
		};
/* End XCBuildConfiguration section */

/* Begin XCConfigurationList section */
		AEA670DF1E2EC19D005DC2DA /* Build configuration list for PBXProject "RainyShinyCloudy" */ = {
			isa = XCConfigurationList;
			buildConfigurations = (
				AEA670F71E2EC19D005DC2DA /* Debug */,
				AEA670F81E2EC19D005DC2DA /* Release */,
			);
			defaultConfigurationIsVisible = 0;
			defaultConfigurationName = Release;
		};
		AEA670F91E2EC19D005DC2DA /* Build configuration list for PBXNativeTarget "RainyShinyCloudy" */ = {
			isa = XCConfigurationList;
			buildConfigurations = (
				AEA670FA1E2EC19D005DC2DA /* Debug */,
				AEA670FB1E2EC19D005DC2DA /* Release */,
			);
			defaultConfigurationIsVisible = 0;
		};
/* End XCConfigurationList section */

/* Begin XCVersionGroup section */
		AEA670EE1E2EC19D005DC2DA /* RainyShinyCloudy.xcdatamodeld */ = {
			isa = XCVersionGroup;
			children = (
				AEA670EF1E2EC19D005DC2DA /* RainyShinyCloudy.xcdatamodel */,
			);
			currentVersion = AEA670EF1E2EC19D005DC2DA /* RainyShinyCloudy.xcdatamodel */;
			path = RainyShinyCloudy.xcdatamodeld;
			sourceTree = "<group>";
			versionGroupType = wrapper.xcdatamodel;
		};
/* End XCVersionGroup section */
	};
	rootObject = AEA670DC1E2EC19D005DC2DA /* Project object */;
}
